// !$*UTF8*$!
{
	archiveVersion = 1;
	classes = {
	};
	objectVersion = 46;
	objects = {

/* Begin PBXBuildFile section */
		81CEB97C203137B600EF139A /* main.cpp in Sources */ = {isa = PBXBuildFile; fileRef = 81CEB97B203137B600EF139A /* main.cpp */; };
		81CEB9832031387A00EF139A /* Word Ladder.cpp in Sources */ = {isa = PBXBuildFile; fileRef = 81CEB9822031387A00EF139A /* Word Ladder.cpp */; };
		81CEB986203139B800EF139A /* XcodeKit.framework in Frameworks */ = {isa = PBXBuildFile; fileRef = 81CEB985203139B800EF139A /* XcodeKit.framework */; };
		81CEB98A203139CF00EF139A /* libgcc_s.1.tbd in Frameworks */ = {isa = PBXBuildFile; fileRef = 81CEB987203139CF00EF139A /* libgcc_s.1.tbd */; };
		81CEB98B203139CF00EF139A /* libgcc_s.10.4.tbd in Frameworks */ = {isa = PBXBuildFile; fileRef = 81CEB988203139CF00EF139A /* libgcc_s.10.4.tbd */; };
		81CEB98C203139CF00EF139A /* libgcc_s.10.5.tbd in Frameworks */ = {isa = PBXBuildFile; fileRef = 81CEB989203139CF00EF139A /* libgcc_s.10.5.tbd */; };
		81CEB98E20339EB600EF139A /* Integer to English Words.cpp in Sources */ = {isa = PBXBuildFile; fileRef = 81CEB98D20339EB600EF139A /* Integer to English Words.cpp */; };
		81CEB9912035093B00EF139A /* Min Cost Climbing Stairs.cpp in Sources */ = {isa = PBXBuildFile; fileRef = 81CEB9902035093B00EF139A /* Min Cost Climbing Stairs.cpp */; };
		81CEB99320350D9700EF139A /* Construct String from Binary Tree.cpp in Sources */ = {isa = PBXBuildFile; fileRef = 81CEB99220350D9700EF139A /* Construct String from Binary Tree.cpp */; };
		81CEB995203513F000EF139A /* Image Smoother.cpp in Sources */ = {isa = PBXBuildFile; fileRef = 81CEB994203513F000EF139A /* Image Smoother.cpp */; };
		81CEB9972035406B00EF139A /* Serialize and Deserialize BST.cpp in Sources */ = {isa = PBXBuildFile; fileRef = 81CEB9962035406B00EF139A /* Serialize and Deserialize BST.cpp */; };
		81CEB9992035CEDB00EF139A /* Boundary of Binary Tree.cpp in Sources */ = {isa = PBXBuildFile; fileRef = 81CEB9982035CEDB00EF139A /* Boundary of Binary Tree.cpp */; };
		81CEB99B2035D58A00EF139A /* Split Linked List in Parts.cpp in Sources */ = {isa = PBXBuildFile; fileRef = 81CEB99A2035D58A00EF139A /* Split Linked List in Parts.cpp */; };
		81CEB99D2036512F00EF139A /* Most Frequent Subtree Sum.cpp in Sources */ = {isa = PBXBuildFile; fileRef = 81CEB99C2036512F00EF139A /* Most Frequent Subtree Sum.cpp */; };
		81CEB99F20367CCA00EF139A /* Equal Tree Partition.cpp in Sources */ = {isa = PBXBuildFile; fileRef = 81CEB99E20367CCA00EF139A /* Equal Tree Partition.cpp */; };
		81CEB9A12039DBD300EF139A /* Number of Distinct Islands.cpp in Sources */ = {isa = PBXBuildFile; fileRef = 81CEB9A02039DBD300EF139A /* Number of Distinct Islands.cpp */; };
		81CEB9A3203A7BB500EF139A /* Construct Binary Tree from String.cpp in Sources */ = {isa = PBXBuildFile; fileRef = 81CEB9A2203A7BB500EF139A /* Construct Binary Tree from String.cpp */; };
		81CEB9A5203BCCE500EF139A /* Pascal's Triangle II.cpp in Sources */ = {isa = PBXBuildFile; fileRef = 81CEB9A4203BCCE500EF139A /* Pascal's Triangle II.cpp */; };
		81CEB9A7203BDFF800EF139A /* Monotone Increasing Digits.cpp in Sources */ = {isa = PBXBuildFile; fileRef = 81CEB9A6203BDFF800EF139A /* Monotone Increasing Digits.cpp */; };
		81CEB9A9203C69F100EF139A /* Insert Delete GetRandom.cpp in Sources */ = {isa = PBXBuildFile; fileRef = 81CEB9A8203C69F100EF139A /* Insert Delete GetRandom.cpp */; };
		81CEB9AB203C81E700EF139A /* Sliding Window.cpp in Sources */ = {isa = PBXBuildFile; fileRef = 81CEB9AA203C81E700EF139A /* Sliding Window.cpp */; };
		81CEB9AD203C8CE200EF139A /* Cut Off Trees for Golf Event.cpp in Sources */ = {isa = PBXBuildFile; fileRef = 81CEB9AC203C8CE200EF139A /* Cut Off Trees for Golf Event.cpp */; };
		81E84AAF204CD1B0008B3A32 /* Partition Labels.cpp in Sources */ = {isa = PBXBuildFile; fileRef = 81E84AAE204CD1B0008B3A32 /* Partition Labels.cpp */; };
		81E84AB1204CD54F008B3A32 /* Two Sum.cpp in Sources */ = {isa = PBXBuildFile; fileRef = 81E84AB0204CD54F008B3A32 /* Two Sum.cpp */; };
		81E84AB3204CD647008B3A32 /* Valid Parentheses.cpp in Sources */ = {isa = PBXBuildFile; fileRef = 81E84AB2204CD647008B3A32 /* Valid Parentheses.cpp */; };
		81E84AB5204CD6AE008B3A32 /* Number of Islands.cpp in Sources */ = {isa = PBXBuildFile; fileRef = 81E84AB4204CD6AE008B3A32 /* Number of Islands.cpp */; };
		81E84AB7204CD7E2008B3A32 /* LRU Cache.cpp in Sources */ = {isa = PBXBuildFile; fileRef = 81E84AB6204CD7E2008B3A32 /* LRU Cache.cpp */; };
/* End PBXBuildFile section */

/* Begin PBXCopyFilesBuildPhase section */
		81CEB976203137B600EF139A /* CopyFiles */ = {
			isa = PBXCopyFilesBuildPhase;
			buildActionMask = 2147483647;
			dstPath = /usr/share/man/man1/;
			dstSubfolderSpec = 0;
			files = (
			);
			runOnlyForDeploymentPostprocessing = 1;
		};
/* End PBXCopyFilesBuildPhase section */

/* Begin PBXFileReference section */
		81CEB978203137B600EF139A /* LeetCode */ = {isa = PBXFileReference; explicitFileType = "compiled.mach-o.executable"; includeInIndex = 0; path = LeetCode; sourceTree = BUILT_PRODUCTS_DIR; };
		81CEB97B203137B600EF139A /* main.cpp */ = {isa = PBXFileReference; lastKnownFileType = sourcecode.cpp.cpp; path = main.cpp; sourceTree = "<group>"; };
		81CEB9822031387A00EF139A /* Word Ladder.cpp */ = {isa = PBXFileReference; explicitFileType = sourcecode.cpp.cpp; fileEncoding = 4; path = "Word Ladder.cpp"; sourceTree = "<group>"; };
		81CEB985203139B800EF139A /* XcodeKit.framework */ = {isa = PBXFileReference; lastKnownFileType = wrapper.framework; name = XcodeKit.framework; path = Library/Frameworks/XcodeKit.framework; sourceTree = DEVELOPER_DIR; };
		81CEB987203139CF00EF139A /* libgcc_s.1.tbd */ = {isa = PBXFileReference; lastKnownFileType = "sourcecode.text-based-dylib-definition"; name = libgcc_s.1.tbd; path = usr/lib/libgcc_s.1.tbd; sourceTree = SDKROOT; };
		81CEB988203139CF00EF139A /* libgcc_s.10.4.tbd */ = {isa = PBXFileReference; lastKnownFileType = "sourcecode.text-based-dylib-definition"; name = libgcc_s.10.4.tbd; path = usr/lib/libgcc_s.10.4.tbd; sourceTree = SDKROOT; };
		81CEB989203139CF00EF139A /* libgcc_s.10.5.tbd */ = {isa = PBXFileReference; lastKnownFileType = "sourcecode.text-based-dylib-definition"; name = libgcc_s.10.5.tbd; path = usr/lib/libgcc_s.10.5.tbd; sourceTree = SDKROOT; };
		81CEB98D20339EB600EF139A /* Integer to English Words.cpp */ = {isa = PBXFileReference; fileEncoding = 4; lastKnownFileType = sourcecode.cpp.cpp; path = "Integer to English Words.cpp"; sourceTree = "<group>"; };
		81CEB98F20339EE200EF139A /* common.h */ = {isa = PBXFileReference; lastKnownFileType = sourcecode.c.h; path = common.h; sourceTree = "<group>"; };
		81CEB9902035093B00EF139A /* Min Cost Climbing Stairs.cpp */ = {isa = PBXFileReference; fileEncoding = 4; lastKnownFileType = sourcecode.cpp.cpp; path = "Min Cost Climbing Stairs.cpp"; sourceTree = "<group>"; };
		81CEB99220350D9700EF139A /* Construct String from Binary Tree.cpp */ = {isa = PBXFileReference; fileEncoding = 4; lastKnownFileType = sourcecode.cpp.cpp; path = "Construct String from Binary Tree.cpp"; sourceTree = "<group>"; };
		81CEB994203513F000EF139A /* Image Smoother.cpp */ = {isa = PBXFileReference; fileEncoding = 4; lastKnownFileType = sourcecode.cpp.cpp; path = "Image Smoother.cpp"; sourceTree = "<group>"; };
		81CEB9962035406B00EF139A /* Serialize and Deserialize BST.cpp */ = {isa = PBXFileReference; fileEncoding = 4; lastKnownFileType = sourcecode.cpp.cpp; path = "Serialize and Deserialize BST.cpp"; sourceTree = "<group>"; };
		81CEB9982035CEDB00EF139A /* Boundary of Binary Tree.cpp */ = {isa = PBXFileReference; fileEncoding = 4; lastKnownFileType = sourcecode.cpp.cpp; path = "Boundary of Binary Tree.cpp"; sourceTree = "<group>"; };
		81CEB99A2035D58A00EF139A /* Split Linked List in Parts.cpp */ = {isa = PBXFileReference; fileEncoding = 4; lastKnownFileType = sourcecode.cpp.cpp; path = "Split Linked List in Parts.cpp"; sourceTree = "<group>"; };
		81CEB99C2036512F00EF139A /* Most Frequent Subtree Sum.cpp */ = {isa = PBXFileReference; fileEncoding = 4; lastKnownFileType = sourcecode.cpp.cpp; path = "Most Frequent Subtree Sum.cpp"; sourceTree = "<group>"; };
		81CEB99E20367CCA00EF139A /* Equal Tree Partition.cpp */ = {isa = PBXFileReference; fileEncoding = 4; lastKnownFileType = sourcecode.cpp.cpp; path = "Equal Tree Partition.cpp"; sourceTree = "<group>"; };
		81CEB9A02039DBD300EF139A /* Number of Distinct Islands.cpp */ = {isa = PBXFileReference; fileEncoding = 4; lastKnownFileType = sourcecode.cpp.cpp; path = "Number of Distinct Islands.cpp"; sourceTree = "<group>"; };
		81CEB9A2203A7BB500EF139A /* Construct Binary Tree from String.cpp */ = {isa = PBXFileReference; fileEncoding = 4; lastKnownFileType = sourcecode.cpp.cpp; path = "Construct Binary Tree from String.cpp"; sourceTree = "<group>"; };
		81CEB9A4203BCCE500EF139A /* Pascal's Triangle II.cpp */ = {isa = PBXFileReference; fileEncoding = 4; lastKnownFileType = sourcecode.cpp.cpp; path = "Pascal's Triangle II.cpp"; sourceTree = "<group>"; };
		81CEB9A6203BDFF800EF139A /* Monotone Increasing Digits.cpp */ = {isa = PBXFileReference; fileEncoding = 4; lastKnownFileType = sourcecode.cpp.cpp; path = "Monotone Increasing Digits.cpp"; sourceTree = "<group>"; };
		81CEB9A8203C69F100EF139A /* Insert Delete GetRandom.cpp */ = {isa = PBXFileReference; fileEncoding = 4; lastKnownFileType = sourcecode.cpp.cpp; path = "Insert Delete GetRandom.cpp"; sourceTree = "<group>"; };
		81CEB9AA203C81E700EF139A /* Sliding Window.cpp */ = {isa = PBXFileReference; fileEncoding = 4; lastKnownFileType = sourcecode.cpp.cpp; path = "Sliding Window.cpp"; sourceTree = "<group>"; };
		81CEB9AC203C8CE200EF139A /* Cut Off Trees for Golf Event.cpp */ = {isa = PBXFileReference; fileEncoding = 4; lastKnownFileType = sourcecode.cpp.cpp; path = "Cut Off Trees for Golf Event.cpp"; sourceTree = "<group>"; };
		81E84AAE204CD1B0008B3A32 /* Partition Labels.cpp */ = {isa = PBXFileReference; fileEncoding = 4; lastKnownFileType = sourcecode.cpp.cpp; path = "Partition Labels.cpp"; sourceTree = "<group>"; };
		81E84AB0204CD54F008B3A32 /* Two Sum.cpp */ = {isa = PBXFileReference; fileEncoding = 4; lastKnownFileType = sourcecode.cpp.cpp; path = "Two Sum.cpp"; sourceTree = "<group>"; };
		81E84AB2204CD647008B3A32 /* Valid Parentheses.cpp */ = {isa = PBXFileReference; fileEncoding = 4; lastKnownFileType = sourcecode.cpp.cpp; path = "Valid Parentheses.cpp"; sourceTree = "<group>"; };
		81E84AB4204CD6AE008B3A32 /* Number of Islands.cpp */ = {isa = PBXFileReference; fileEncoding = 4; lastKnownFileType = sourcecode.cpp.cpp; path = "Number of Islands.cpp"; sourceTree = "<group>"; };
		81E84AB6204CD7E2008B3A32 /* LRU Cache.cpp */ = {isa = PBXFileReference; fileEncoding = 4; lastKnownFileType = sourcecode.cpp.cpp; path = "LRU Cache.cpp"; sourceTree = "<group>"; };
/* End PBXFileReference section */

/* Begin PBXFrameworksBuildPhase section */
		81CEB975203137B600EF139A /* Frameworks */ = {
			isa = PBXFrameworksBuildPhase;
			buildActionMask = 2147483647;
			files = (
				81CEB98A203139CF00EF139A /* libgcc_s.1.tbd in Frameworks */,
				81CEB98B203139CF00EF139A /* libgcc_s.10.4.tbd in Frameworks */,
				81CEB98C203139CF00EF139A /* libgcc_s.10.5.tbd in Frameworks */,
				81CEB986203139B800EF139A /* XcodeKit.framework in Frameworks */,
			);
			runOnlyForDeploymentPostprocessing = 0;
		};
/* End PBXFrameworksBuildPhase section */

/* Begin PBXGroup section */
		81CEB96F203137B600EF139A = {
			isa = PBXGroup;
			children = (
				81CEB97A203137B600EF139A /* LeetCode */,
				81CEB979203137B600EF139A /* Products */,
				81CEB984203139B800EF139A /* Frameworks */,
			);
			sourceTree = "<group>";
		};
		81CEB979203137B600EF139A /* Products */ = {
			isa = PBXGroup;
			children = (
				81CEB978203137B600EF139A /* LeetCode */,
			);
			name = Products;
			sourceTree = "<group>";
		};
		81CEB97A203137B600EF139A /* LeetCode */ = {
			isa = PBXGroup;
			children = (
				81CEB9982035CEDB00EF139A /* Boundary of Binary Tree.cpp */,
				81CEB98F20339EE200EF139A /* common.h */,
				81CEB9A2203A7BB500EF139A /* Construct Binary Tree from String.cpp */,
				81CEB99220350D9700EF139A /* Construct String from Binary Tree.cpp */,
				81CEB9AC203C8CE200EF139A /* Cut Off Trees for Golf Event.cpp */,
				81CEB99E20367CCA00EF139A /* Equal Tree Partition.cpp */,
				81CEB994203513F000EF139A /* Image Smoother.cpp */,
				81CEB9A8203C69F100EF139A /* Insert Delete GetRandom.cpp */,
				81CEB98D20339EB600EF139A /* Integer to English Words.cpp */,
				81CEB97B203137B600EF139A /* main.cpp */,
				81CEB9902035093B00EF139A /* Min Cost Climbing Stairs.cpp */,
				81CEB9A6203BDFF800EF139A /* Monotone Increasing Digits.cpp */,
				81CEB99C2036512F00EF139A /* Most Frequent Subtree Sum.cpp */,
				81CEB9A02039DBD300EF139A /* Number of Distinct Islands.cpp */,
				81E84AB4204CD6AE008B3A32 /* Number of Islands.cpp */,
				81E84AB6204CD7E2008B3A32 /* LRU Cache.cpp */,
				81E84AAE204CD1B0008B3A32 /* Partition Labels.cpp */,
				81CEB9A4203BCCE500EF139A /* Pascal's Triangle II.cpp */,
				81CEB9962035406B00EF139A /* Serialize and Deserialize BST.cpp */,
				81CEB9AA203C81E700EF139A /* Sliding Window.cpp */,
				81CEB99A2035D58A00EF139A /* Split Linked List in Parts.cpp */,
				81E84AB0204CD54F008B3A32 /* Two Sum.cpp */,
				81E84AB2204CD647008B3A32 /* Valid Parentheses.cpp */,
				81CEB9822031387A00EF139A /* Word Ladder.cpp */,
			);
			path = LeetCode;
			sourceTree = "<group>";
		};
		81CEB984203139B800EF139A /* Frameworks */ = {
			isa = PBXGroup;
			children = (
				81CEB987203139CF00EF139A /* libgcc_s.1.tbd */,
				81CEB988203139CF00EF139A /* libgcc_s.10.4.tbd */,
				81CEB989203139CF00EF139A /* libgcc_s.10.5.tbd */,
				81CEB985203139B800EF139A /* XcodeKit.framework */,
			);
			name = Frameworks;
			sourceTree = "<group>";
		};
/* End PBXGroup section */

/* Begin PBXNativeTarget section */
		81CEB977203137B600EF139A /* LeetCode */ = {
			isa = PBXNativeTarget;
			buildConfigurationList = 81CEB97F203137B600EF139A /* Build configuration list for PBXNativeTarget "LeetCode" */;
			buildPhases = (
				81CEB974203137B600EF139A /* Sources */,
				81CEB975203137B600EF139A /* Frameworks */,
				81CEB976203137B600EF139A /* CopyFiles */,
			);
			buildRules = (
			);
			dependencies = (
			);
			name = LeetCode;
			productName = LeetCode;
			productReference = 81CEB978203137B600EF139A /* LeetCode */;
			productType = "com.apple.product-type.tool";
		};
/* End PBXNativeTarget section */

/* Begin PBXProject section */
		81CEB970203137B600EF139A /* Project object */ = {
			isa = PBXProject;
			attributes = {
				LastUpgradeCheck = 0830;
				ORGANIZATIONNAME = "Rajarshi Biswas";
				TargetAttributes = {
					81CEB977203137B600EF139A = {
						CreatedOnToolsVersion = 8.3.3;
						ProvisioningStyle = Automatic;
					};
				};
			};
			buildConfigurationList = 81CEB973203137B600EF139A /* Build configuration list for PBXProject "LeetCode" */;
			compatibilityVersion = "Xcode 3.2";
			developmentRegion = English;
			hasScannedForEncodings = 0;
			knownRegions = (
				en,
			);
			mainGroup = 81CEB96F203137B600EF139A;
			productRefGroup = 81CEB979203137B600EF139A /* Products */;
			projectDirPath = "";
			projectRoot = "";
			targets = (
				81CEB977203137B600EF139A /* LeetCode */,
			);
		};
/* End PBXProject section */

/* Begin PBXSourcesBuildPhase section */
		81CEB974203137B600EF139A /* Sources */ = {
			isa = PBXSourcesBuildPhase;
			buildActionMask = 2147483647;
			files = (
				81E84AB3204CD647008B3A32 /* Valid Parentheses.cpp in Sources */,
				81CEB9A3203A7BB500EF139A /* Construct Binary Tree from String.cpp in Sources */,
				81CEB9A5203BCCE500EF139A /* Pascal's Triangle II.cpp in Sources */,
				81CEB9AB203C81E700EF139A /* Sliding Window.cpp in Sources */,
				81CEB98E20339EB600EF139A /* Integer to English Words.cpp in Sources */,
				81CEB9912035093B00EF139A /* Min Cost Climbing Stairs.cpp in Sources */,
				81CEB99F20367CCA00EF139A /* Equal Tree Partition.cpp in Sources */,
				81CEB9A9203C69F100EF139A /* Insert Delete GetRandom.cpp in Sources */,
				81E84AB1204CD54F008B3A32 /* Two Sum.cpp in Sources */,
				81CEB9992035CEDB00EF139A /* Boundary of Binary Tree.cpp in Sources */,
				81CEB9832031387A00EF139A /* Word Ladder.cpp in Sources */,
				81CEB99D2036512F00EF139A /* Most Frequent Subtree Sum.cpp in Sources */,
				81CEB9972035406B00EF139A /* Serialize and Deserialize BST.cpp in Sources */,
				81CEB995203513F000EF139A /* Image Smoother.cpp in Sources */,
				81CEB97C203137B600EF139A /* main.cpp in Sources */,
				81CEB9A12039DBD300EF139A /* Number of Distinct Islands.cpp in Sources */,
				81E84AB5204CD6AE008B3A32 /* Number of Islands.cpp in Sources */,
				81E84AB7204CD7E2008B3A32 /* LRU Cache.cpp in Sources */,
				81CEB9AD203C8CE200EF139A /* Cut Off Trees for Golf Event.cpp in Sources */,
				81CEB99320350D9700EF139A /* Construct String from Binary Tree.cpp in Sources */,
				81CEB99B2035D58A00EF139A /* Split Linked List in Parts.cpp in Sources */,
				81E84AAF204CD1B0008B3A32 /* Partition Labels.cpp in Sources */,
				81CEB9A7203BDFF800EF139A /* Monotone Increasing Digits.cpp in Sources */,
			);
			runOnlyForDeploymentPostprocessing = 0;
		};
/* End PBXSourcesBuildPhase section */

/* Begin XCBuildConfiguration section */
		81CEB97D203137B600EF139A /* Debug */ = {
			isa = XCBuildConfiguration;
			buildSettings = {
				ALWAYS_SEARCH_USER_PATHS = NO;
				CLANG_ANALYZER_NONNULL = YES;
				CLANG_ANALYZER_NUMBER_OBJECT_CONVERSION = YES_AGGRESSIVE;
				CLANG_CXX_LANGUAGE_STANDARD = "gnu++0x";
				CLANG_CXX_LIBRARY = "libc++";
				CLANG_ENABLE_MODULES = YES;
				CLANG_ENABLE_OBJC_ARC = YES;
				CLANG_WARN_BOOL_CONVERSION = YES;
				CLANG_WARN_CONSTANT_CONVERSION = YES;
				CLANG_WARN_DIRECT_OBJC_ISA_USAGE = YES_ERROR;
				CLANG_WARN_DOCUMENTATION_COMMENTS = YES;
				CLANG_WARN_EMPTY_BODY = YES;
				CLANG_WARN_ENUM_CONVERSION = YES;
				CLANG_WARN_INFINITE_RECURSION = YES;
				CLANG_WARN_INT_CONVERSION = YES;
				CLANG_WARN_OBJC_ROOT_CLASS = YES_ERROR;
				CLANG_WARN_SUSPICIOUS_MOVE = YES;
				CLANG_WARN_UNREACHABLE_CODE = YES;
				CLANG_WARN__DUPLICATE_METHOD_MATCH = YES;
				CODE_SIGN_IDENTITY = "-";
				COPY_PHASE_STRIP = NO;
				DEBUG_INFORMATION_FORMAT = dwarf;
				ENABLE_STRICT_OBJC_MSGSEND = YES;
				ENABLE_TESTABILITY = YES;
				GCC_C_LANGUAGE_STANDARD = gnu99;
				GCC_DYNAMIC_NO_PIC = NO;
				GCC_NO_COMMON_BLOCKS = YES;
				GCC_OPTIMIZATION_LEVEL = 0;
				GCC_PREPROCESSOR_DEFINITIONS = (
					"DEBUG=1",
					"$(inherited)",
				);
				GCC_WARN_64_TO_32_BIT_CONVERSION = YES;
				GCC_WARN_ABOUT_RETURN_TYPE = YES_ERROR;
				GCC_WARN_UNDECLARED_SELECTOR = YES;
				GCC_WARN_UNINITIALIZED_AUTOS = YES_AGGRESSIVE;
				GCC_WARN_UNUSED_FUNCTION = YES;
				GCC_WARN_UNUSED_VARIABLE = YES;
				MACOSX_DEPLOYMENT_TARGET = 10.12;
				MTL_ENABLE_DEBUG_INFO = YES;
				ONLY_ACTIVE_ARCH = YES;
				SDKROOT = macosx;
			};
			name = Debug;
		};
		81CEB97E203137B600EF139A /* Release */ = {
			isa = XCBuildConfiguration;
			buildSettings = {
				ALWAYS_SEARCH_USER_PATHS = NO;
				CLANG_ANALYZER_NONNULL = YES;
				CLANG_ANALYZER_NUMBER_OBJECT_CONVERSION = YES_AGGRESSIVE;
				CLANG_CXX_LANGUAGE_STANDARD = "gnu++0x";
				CLANG_CXX_LIBRARY = "libc++";
				CLANG_ENABLE_MODULES = YES;
				CLANG_ENABLE_OBJC_ARC = YES;
				CLANG_WARN_BOOL_CONVERSION = YES;
				CLANG_WARN_CONSTANT_CONVERSION = YES;
				CLANG_WARN_DIRECT_OBJC_ISA_USAGE = YES_ERROR;
				CLANG_WARN_DOCUMENTATION_COMMENTS = YES;
				CLANG_WARN_EMPTY_BODY = YES;
				CLANG_WARN_ENUM_CONVERSION = YES;
				CLANG_WARN_INFINITE_RECURSION = YES;
				CLANG_WARN_INT_CONVERSION = YES;
				CLANG_WARN_OBJC_ROOT_CLASS = YES_ERROR;
				CLANG_WARN_SUSPICIOUS_MOVE = YES;
				CLANG_WARN_UNREACHABLE_CODE = YES;
				CLANG_WARN__DUPLICATE_METHOD_MATCH = YES;
				CODE_SIGN_IDENTITY = "-";
				COPY_PHASE_STRIP = NO;
				DEBUG_INFORMATION_FORMAT = "dwarf-with-dsym";
				ENABLE_NS_ASSERTIONS = NO;
				ENABLE_STRICT_OBJC_MSGSEND = YES;
				GCC_C_LANGUAGE_STANDARD = gnu99;
				GCC_NO_COMMON_BLOCKS = YES;
				GCC_WARN_64_TO_32_BIT_CONVERSION = YES;
				GCC_WARN_ABOUT_RETURN_TYPE = YES_ERROR;
				GCC_WARN_UNDECLARED_SELECTOR = YES;
				GCC_WARN_UNINITIALIZED_AUTOS = YES_AGGRESSIVE;
				GCC_WARN_UNUSED_FUNCTION = YES;
				GCC_WARN_UNUSED_VARIABLE = YES;
				MACOSX_DEPLOYMENT_TARGET = 10.12;
				MTL_ENABLE_DEBUG_INFO = NO;
				SDKROOT = macosx;
			};
			name = Release;
		};
		81CEB980203137B600EF139A /* Debug */ = {
			isa = XCBuildConfiguration;
			buildSettings = {
				PRODUCT_NAME = "$(TARGET_NAME)";
			};
			name = Debug;
		};
		81CEB981203137B600EF139A /* Release */ = {
			isa = XCBuildConfiguration;
			buildSettings = {
				PRODUCT_NAME = "$(TARGET_NAME)";
			};
			name = Release;
		};
/* End XCBuildConfiguration section */

/* Begin XCConfigurationList section */
		81CEB973203137B600EF139A /* Build configuration list for PBXProject "LeetCode" */ = {
			isa = XCConfigurationList;
			buildConfigurations = (
				81CEB97D203137B600EF139A /* Debug */,
				81CEB97E203137B600EF139A /* Release */,
			);
			defaultConfigurationIsVisible = 0;
			defaultConfigurationName = Release;
		};
		81CEB97F203137B600EF139A /* Build configuration list for PBXNativeTarget "LeetCode" */ = {
			isa = XCConfigurationList;
			buildConfigurations = (
				81CEB980203137B600EF139A /* Debug */,
				81CEB981203137B600EF139A /* Release */,
			);
			defaultConfigurationIsVisible = 0;
			defaultConfigurationName = Release;
		};
/* End XCConfigurationList section */
	};
	rootObject = 81CEB970203137B600EF139A /* Project object */;
}
